// !$*UTF8*$!
{
	archiveVersion = 1;
	classes = {
	};
	objectVersion = 56;
	objects = {

/* Begin PBXBuildFile section */
		9E5471732A41F9CF00D6F77B /* UserSettings.swift in Sources */ = {isa = PBXBuildFile; fileRef = 9E5471722A41F9CF00D6F77B /* UserSettings.swift */; };
		9E5471752A41FCEC00D6F77B /* ColorHelperFunc.swift in Sources */ = {isa = PBXBuildFile; fileRef = 9E5471742A41FCEC00D6F77B /* ColorHelperFunc.swift */; };
		9E5471772A42A8A300D6F77B /* ColorModel.swift in Sources */ = {isa = PBXBuildFile; fileRef = 9E5471762A42A8A300D6F77B /* ColorModel.swift */; };
		9E5471792A42B3BF00D6F77B /* README.md in Resources */ = {isa = PBXBuildFile; fileRef = 9E5471782A42B3BF00D6F77B /* README.md */; };
		9E54717B2A4367D600D6F77B /* FourxFour.swift in Sources */ = {isa = PBXBuildFile; fileRef = 9E54717A2A4367D600D6F77B /* FourxFour.swift */; };
		9E54717D2A4367F600D6F77B /* FivexFive.swift in Sources */ = {isa = PBXBuildFile; fileRef = 9E54717C2A4367F600D6F77B /* FivexFive.swift */; };
		9E54717F2A43681300D6F77B /* SixxSix.swift in Sources */ = {isa = PBXBuildFile; fileRef = 9E54717E2A43681300D6F77B /* SixxSix.swift */; };
		9E59221E2A3BB8BE0053EAD7 /* arc.ttf in Resources */ = {isa = PBXBuildFile; fileRef = 9E59221D2A3BB8BD0053EAD7 /* arc.ttf */; };
		9E5922232A3CAEA30053EAD7 /* SelectionPage.swift in Sources */ = {isa = PBXBuildFile; fileRef = 9E5922222A3CAEA30053EAD7 /* SelectionPage.swift */; };
		9E6EC8742A60C99F0002D541 /* Schedule in Frameworks */ = {isa = PBXBuildFile; productRef = 9E6EC8732A60C99F0002D541 /* Schedule */; };
		9ED63EE82A4693A9009A3320 /* CongratsPage.swift in Sources */ = {isa = PBXBuildFile; fileRef = 9ED63EE72A4693A9009A3320 /* CongratsPage.swift */; };
		9EEFD0472A2F68580093C4A1 /* tues6_6_23App.swift in Sources */ = {isa = PBXBuildFile; fileRef = 9EEFD0462A2F68580093C4A1 /* tues6_6_23App.swift */; };
		9EEFD0492A2F68580093C4A1 /* HomeScreen.swift in Sources */ = {isa = PBXBuildFile; fileRef = 9EEFD0482A2F68580093C4A1 /* HomeScreen.swift */; };
		9EEFD04B2A2F68590093C4A1 /* Assets.xcassets in Resources */ = {isa = PBXBuildFile; fileRef = 9EEFD04A2A2F68590093C4A1 /* Assets.xcassets */; };
		9EEFD04E2A2F68590093C4A1 /* Preview Assets.xcassets in Resources */ = {isa = PBXBuildFile; fileRef = 9EEFD04D2A2F68590093C4A1 /* Preview Assets.xcassets */; };
		9EEFD0582A2F68590093C4A1 /* tues6_6_23Tests.swift in Sources */ = {isa = PBXBuildFile; fileRef = 9EEFD0572A2F68590093C4A1 /* tues6_6_23Tests.swift */; };
		9EEFD0622A2F68590093C4A1 /* tues6_6_23UITests.swift in Sources */ = {isa = PBXBuildFile; fileRef = 9EEFD0612A2F68590093C4A1 /* tues6_6_23UITests.swift */; };
		9EEFD0642A2F68590093C4A1 /* tues6_6_23UITestsLaunchTests.swift in Sources */ = {isa = PBXBuildFile; fileRef = 9EEFD0632A2F68590093C4A1 /* tues6_6_23UITestsLaunchTests.swift */; };
		9EF603CF2A3D6CCA00AB0548 /* PalleteSelection.swift in Sources */ = {isa = PBXBuildFile; fileRef = 9EF603CE2A3D6CCA00AB0548 /* PalleteSelection.swift */; };
/* End PBXBuildFile section */

/* Begin PBXContainerItemProxy section */
		9EEFD0542A2F68590093C4A1 /* PBXContainerItemProxy */ = {
			isa = PBXContainerItemProxy;
			containerPortal = 9EEFD03B2A2F68580093C4A1 /* Project object */;
			proxyType = 1;
			remoteGlobalIDString = 9EEFD0422A2F68580093C4A1;
			remoteInfo = tues6.6.23;
		};
		9EEFD05E2A2F68590093C4A1 /* PBXContainerItemProxy */ = {
			isa = PBXContainerItemProxy;
			containerPortal = 9EEFD03B2A2F68580093C4A1 /* Project object */;
			proxyType = 1;
			remoteGlobalIDString = 9EEFD0422A2F68580093C4A1;
			remoteInfo = tues6.6.23;
		};
/* End PBXContainerItemProxy section */

/* Begin PBXFileReference section */
		9E5471722A41F9CF00D6F77B /* UserSettings.swift */ = {isa = PBXFileReference; lastKnownFileType = sourcecode.swift; path = UserSettings.swift; sourceTree = "<group>"; };
		9E5471742A41FCEC00D6F77B /* ColorHelperFunc.swift */ = {isa = PBXFileReference; lastKnownFileType = sourcecode.swift; path = ColorHelperFunc.swift; sourceTree = "<group>"; };
		9E5471762A42A8A300D6F77B /* ColorModel.swift */ = {isa = PBXFileReference; lastKnownFileType = sourcecode.swift; path = ColorModel.swift; sourceTree = "<group>"; };
		9E5471782A42B3BF00D6F77B /* README.md */ = {isa = PBXFileReference; fileEncoding = 4; lastKnownFileType = net.daringfireball.markdown; path = README.md; sourceTree = SOURCE_ROOT; };
		9E54717A2A4367D600D6F77B /* FourxFour.swift */ = {isa = PBXFileReference; lastKnownFileType = sourcecode.swift; path = FourxFour.swift; sourceTree = "<group>"; };
		9E54717C2A4367F600D6F77B /* FivexFive.swift */ = {isa = PBXFileReference; lastKnownFileType = sourcecode.swift; path = FivexFive.swift; sourceTree = "<group>"; };
		9E54717E2A43681300D6F77B /* SixxSix.swift */ = {isa = PBXFileReference; lastKnownFileType = sourcecode.swift; path = SixxSix.swift; sourceTree = "<group>"; };
		9E5922182A3BB30D0053EAD7 /* tues6-6-23-Info.plist */ = {isa = PBXFileReference; lastKnownFileType = text.plist; path = "tues6-6-23-Info.plist"; sourceTree = SOURCE_ROOT; };
		9E59221D2A3BB8BD0053EAD7 /* arc.ttf */ = {isa = PBXFileReference; lastKnownFileType = file; path = arc.ttf; sourceTree = "<group>"; };
		9E5922222A3CAEA30053EAD7 /* SelectionPage.swift */ = {isa = PBXFileReference; lastKnownFileType = sourcecode.swift; path = SelectionPage.swift; sourceTree = "<group>"; };
		9ED63EE72A4693A9009A3320 /* CongratsPage.swift */ = {isa = PBXFileReference; lastKnownFileType = sourcecode.swift; path = CongratsPage.swift; sourceTree = "<group>"; };
		9EEFD0432A2F68580093C4A1 /* tues6.6.23.app */ = {isa = PBXFileReference; explicitFileType = wrapper.application; includeInIndex = 0; path = tues6.6.23.app; sourceTree = BUILT_PRODUCTS_DIR; };
		9EEFD0462A2F68580093C4A1 /* tues6_6_23App.swift */ = {isa = PBXFileReference; lastKnownFileType = sourcecode.swift; path = tues6_6_23App.swift; sourceTree = "<group>"; };
		9EEFD0482A2F68580093C4A1 /* HomeScreen.swift */ = {isa = PBXFileReference; lastKnownFileType = sourcecode.swift; path = HomeScreen.swift; sourceTree = "<group>"; };
		9EEFD04A2A2F68590093C4A1 /* Assets.xcassets */ = {isa = PBXFileReference; lastKnownFileType = folder.assetcatalog; path = Assets.xcassets; sourceTree = "<group>"; };
		9EEFD04D2A2F68590093C4A1 /* Preview Assets.xcassets */ = {isa = PBXFileReference; lastKnownFileType = folder.assetcatalog; path = "Preview Assets.xcassets"; sourceTree = "<group>"; };
		9EEFD0532A2F68590093C4A1 /* tues6.6.23Tests.xctest */ = {isa = PBXFileReference; explicitFileType = wrapper.cfbundle; includeInIndex = 0; path = tues6.6.23Tests.xctest; sourceTree = BUILT_PRODUCTS_DIR; };
		9EEFD0572A2F68590093C4A1 /* tues6_6_23Tests.swift */ = {isa = PBXFileReference; lastKnownFileType = sourcecode.swift; path = tues6_6_23Tests.swift; sourceTree = "<group>"; };
		9EEFD05D2A2F68590093C4A1 /* tues6.6.23UITests.xctest */ = {isa = PBXFileReference; explicitFileType = wrapper.cfbundle; includeInIndex = 0; path = tues6.6.23UITests.xctest; sourceTree = BUILT_PRODUCTS_DIR; };
		9EEFD0612A2F68590093C4A1 /* tues6_6_23UITests.swift */ = {isa = PBXFileReference; lastKnownFileType = sourcecode.swift; path = tues6_6_23UITests.swift; sourceTree = "<group>"; };
		9EEFD0632A2F68590093C4A1 /* tues6_6_23UITestsLaunchTests.swift */ = {isa = PBXFileReference; lastKnownFileType = sourcecode.swift; path = tues6_6_23UITestsLaunchTests.swift; sourceTree = "<group>"; };
		9EF603CE2A3D6CCA00AB0548 /* PalleteSelection.swift */ = {isa = PBXFileReference; lastKnownFileType = sourcecode.swift; path = PalleteSelection.swift; sourceTree = "<group>"; };
/* End PBXFileReference section */

/* Begin PBXFrameworksBuildPhase section */
		9EEFD0402A2F68580093C4A1 /* Frameworks */ = {
			isa = PBXFrameworksBuildPhase;
			buildActionMask = 2147483647;
			files = (
				9E6EC8742A60C99F0002D541 /* Schedule in Frameworks */,
			);
			runOnlyForDeploymentPostprocessing = 0;
		};
		9EEFD0502A2F68590093C4A1 /* Frameworks */ = {
			isa = PBXFrameworksBuildPhase;
			buildActionMask = 2147483647;
			files = (
			);
			runOnlyForDeploymentPostprocessing = 0;
		};
		9EEFD05A2A2F68590093C4A1 /* Frameworks */ = {
			isa = PBXFrameworksBuildPhase;
			buildActionMask = 2147483647;
			files = (
			);
			runOnlyForDeploymentPostprocessing = 0;
		};
/* End PBXFrameworksBuildPhase section */

/* Begin PBXGroup section */
		9E5471652A40A7AB00D6F77B /* OOther Files */ = {
			isa = PBXGroup;
			children = (
				9E5471782A42B3BF00D6F77B /* README.md */,
				9E5471722A41F9CF00D6F77B /* UserSettings.swift */,
				9E5471742A41FCEC00D6F77B /* ColorHelperFunc.swift */,
				9E5471762A42A8A300D6F77B /* ColorModel.swift */,
			);
			path = "OOther Files";
			sourceTree = "<group>";
		};
		9E5922212A3CAE940053EAD7 /* Views */ = {
			isa = PBXGroup;
			children = (
				9EEFD0482A2F68580093C4A1 /* HomeScreen.swift */,
				9E5922222A3CAEA30053EAD7 /* SelectionPage.swift */,
				9ED63EE72A4693A9009A3320 /* CongratsPage.swift */,
				9EF603CE2A3D6CCA00AB0548 /* PalleteSelection.swift */,
				9E54717A2A4367D600D6F77B /* FourxFour.swift */,
				9E54717C2A4367F600D6F77B /* FivexFive.swift */,
				9E54717E2A43681300D6F77B /* SixxSix.swift */,
			);
			path = Views;
			sourceTree = "<group>";
		};
		9EEFD03A2A2F68580093C4A1 = {
			isa = PBXGroup;
			children = (
				9E5471652A40A7AB00D6F77B /* OOther Files */,
				9EEFD0452A2F68580093C4A1 /* tues6.6.23 */,
				9EEFD0562A2F68590093C4A1 /* tues6.6.23Tests */,
				9EEFD0602A2F68590093C4A1 /* tues6.6.23UITests */,
				9EEFD0442A2F68580093C4A1 /* Products */,
			);
			sourceTree = "<group>";
		};
		9EEFD0442A2F68580093C4A1 /* Products */ = {
			isa = PBXGroup;
			children = (
				9EEFD0432A2F68580093C4A1 /* tues6.6.23.app */,
				9EEFD0532A2F68590093C4A1 /* tues6.6.23Tests.xctest */,
				9EEFD05D2A2F68590093C4A1 /* tues6.6.23UITests.xctest */,
			);
			name = Products;
			sourceTree = "<group>";
		};
		9EEFD0452A2F68580093C4A1 /* tues6.6.23 */ = {
			isa = PBXGroup;
			children = (
				9EEFD0462A2F68580093C4A1 /* tues6_6_23App.swift */,
				9EF603CD2A3D6C1500AB0548 /* Font */,
				9E5922212A3CAE940053EAD7 /* Views */,
				9E5922182A3BB30D0053EAD7 /* tues6-6-23-Info.plist */,
				9EEFD04A2A2F68590093C4A1 /* Assets.xcassets */,
				9EEFD04C2A2F68590093C4A1 /* Preview Content */,
			);
			path = tues6.6.23;
			sourceTree = "<group>";
		};
		9EEFD04C2A2F68590093C4A1 /* Preview Content */ = {
			isa = PBXGroup;
			children = (
				9EEFD04D2A2F68590093C4A1 /* Preview Assets.xcassets */,
			);
			path = "Preview Content";
			sourceTree = "<group>";
		};
		9EEFD0562A2F68590093C4A1 /* tues6.6.23Tests */ = {
			isa = PBXGroup;
			children = (
				9EEFD0572A2F68590093C4A1 /* tues6_6_23Tests.swift */,
			);
			path = tues6.6.23Tests;
			sourceTree = "<group>";
		};
		9EEFD0602A2F68590093C4A1 /* tues6.6.23UITests */ = {
			isa = PBXGroup;
			children = (
				9EEFD0612A2F68590093C4A1 /* tues6_6_23UITests.swift */,
				9EEFD0632A2F68590093C4A1 /* tues6_6_23UITestsLaunchTests.swift */,
			);
			path = tues6.6.23UITests;
			sourceTree = "<group>";
		};
		9EF603CD2A3D6C1500AB0548 /* Font */ = {
			isa = PBXGroup;
			children = (
				9E59221D2A3BB8BD0053EAD7 /* arc.ttf */,
			);
			path = Font;
			sourceTree = "<group>";
		};
/* End PBXGroup section */

/* Begin PBXNativeTarget section */
		9EEFD0422A2F68580093C4A1 /* tues6.6.23 */ = {
			isa = PBXNativeTarget;
			buildConfigurationList = 9EEFD0672A2F68590093C4A1 /* Build configuration list for PBXNativeTarget "tues6.6.23" */;
			buildPhases = (
				9EEFD03F2A2F68580093C4A1 /* Sources */,
				9EEFD0402A2F68580093C4A1 /* Frameworks */,
				9EEFD0412A2F68580093C4A1 /* Resources */,
			);
			buildRules = (
			);
			dependencies = (
			);
			name = tues6.6.23;
			packageProductDependencies = (
				9E6EC8732A60C99F0002D541 /* Schedule */,
			);
			productName = tues6.6.23;
			productReference = 9EEFD0432A2F68580093C4A1 /* tues6.6.23.app */;
			productType = "com.apple.product-type.application";
		};
		9EEFD0522A2F68590093C4A1 /* tues6.6.23Tests */ = {
			isa = PBXNativeTarget;
			buildConfigurationList = 9EEFD06A2A2F68590093C4A1 /* Build configuration list for PBXNativeTarget "tues6.6.23Tests" */;
			buildPhases = (
				9EEFD04F2A2F68590093C4A1 /* Sources */,
				9EEFD0502A2F68590093C4A1 /* Frameworks */,
				9EEFD0512A2F68590093C4A1 /* Resources */,
			);
			buildRules = (
			);
			dependencies = (
				9EEFD0552A2F68590093C4A1 /* PBXTargetDependency */,
			);
			name = tues6.6.23Tests;
			productName = tues6.6.23Tests;
			productReference = 9EEFD0532A2F68590093C4A1 /* tues6.6.23Tests.xctest */;
			productType = "com.apple.product-type.bundle.unit-test";
		};
		9EEFD05C2A2F68590093C4A1 /* tues6.6.23UITests */ = {
			isa = PBXNativeTarget;
			buildConfigurationList = 9EEFD06D2A2F68590093C4A1 /* Build configuration list for PBXNativeTarget "tues6.6.23UITests" */;
			buildPhases = (
				9EEFD0592A2F68590093C4A1 /* Sources */,
				9EEFD05A2A2F68590093C4A1 /* Frameworks */,
				9EEFD05B2A2F68590093C4A1 /* Resources */,
			);
			buildRules = (
			);
			dependencies = (
				9EEFD05F2A2F68590093C4A1 /* PBXTargetDependency */,
			);
			name = tues6.6.23UITests;
			productName = tues6.6.23UITests;
			productReference = 9EEFD05D2A2F68590093C4A1 /* tues6.6.23UITests.xctest */;
			productType = "com.apple.product-type.bundle.ui-testing";
		};
/* End PBXNativeTarget section */

/* Begin PBXProject section */
		9EEFD03B2A2F68580093C4A1 /* Project object */ = {
			isa = PBXProject;
			attributes = {
				BuildIndependentTargetsInParallel = 1;
				LastSwiftUpdateCheck = 1430;
				LastUpgradeCheck = 1430;
				TargetAttributes = {
					9EEFD0422A2F68580093C4A1 = {
						CreatedOnToolsVersion = 14.3.1;
					};
					9EEFD0522A2F68590093C4A1 = {
						CreatedOnToolsVersion = 14.3.1;
						TestTargetID = 9EEFD0422A2F68580093C4A1;
					};
					9EEFD05C2A2F68590093C4A1 = {
						CreatedOnToolsVersion = 14.3.1;
						TestTargetID = 9EEFD0422A2F68580093C4A1;
					};
				};
			};
			buildConfigurationList = 9EEFD03E2A2F68580093C4A1 /* Build configuration list for PBXProject "tues6.6.23" */;
			compatibilityVersion = "Xcode 14.0";
			developmentRegion = en;
			hasScannedForEncodings = 0;
			knownRegions = (
				en,
				Base,
			);
			mainGroup = 9EEFD03A2A2F68580093C4A1;
			packageReferences = (
				9E6EC8722A60C99F0002D541 /* XCRemoteSwiftPackageReference "Schedule" */,
			);
			productRefGroup = 9EEFD0442A2F68580093C4A1 /* Products */;
			projectDirPath = "";
			projectRoot = "";
			targets = (
				9EEFD0422A2F68580093C4A1 /* tues6.6.23 */,
				9EEFD0522A2F68590093C4A1 /* tues6.6.23Tests */,
				9EEFD05C2A2F68590093C4A1 /* tues6.6.23UITests */,
			);
		};
/* End PBXProject section */

/* Begin PBXResourcesBuildPhase section */
		9EEFD0412A2F68580093C4A1 /* Resources */ = {
			isa = PBXResourcesBuildPhase;
			buildActionMask = 2147483647;
			files = (
				9E59221E2A3BB8BE0053EAD7 /* arc.ttf in Resources */,
				9EEFD04E2A2F68590093C4A1 /* Preview Assets.xcassets in Resources */,
				9E5471792A42B3BF00D6F77B /* README.md in Resources */,
				9EEFD04B2A2F68590093C4A1 /* Assets.xcassets in Resources */,
			);
			runOnlyForDeploymentPostprocessing = 0;
		};
		9EEFD0512A2F68590093C4A1 /* Resources */ = {
			isa = PBXResourcesBuildPhase;
			buildActionMask = 2147483647;
			files = (
			);
			runOnlyForDeploymentPostprocessing = 0;
		};
		9EEFD05B2A2F68590093C4A1 /* Resources */ = {
			isa = PBXResourcesBuildPhase;
			buildActionMask = 2147483647;
			files = (
			);
			runOnlyForDeploymentPostprocessing = 0;
		};
/* End PBXResourcesBuildPhase section */

/* Begin PBXSourcesBuildPhase section */
		9EEFD03F2A2F68580093C4A1 /* Sources */ = {
			isa = PBXSourcesBuildPhase;
			buildActionMask = 2147483647;
			files = (
				9E5922232A3CAEA30053EAD7 /* SelectionPage.swift in Sources */,
				9EEFD0492A2F68580093C4A1 /* HomeScreen.swift in Sources */,
				9E54717F2A43681300D6F77B /* SixxSix.swift in Sources */,
				9E54717B2A4367D600D6F77B /* FourxFour.swift in Sources */,
				9E5471732A41F9CF00D6F77B /* UserSettings.swift in Sources */,
				9E54717D2A4367F600D6F77B /* FivexFive.swift in Sources */,
				9EF603CF2A3D6CCA00AB0548 /* PalleteSelection.swift in Sources */,
				9EEFD0472A2F68580093C4A1 /* tues6_6_23App.swift in Sources */,
				9E5471752A41FCEC00D6F77B /* ColorHelperFunc.swift in Sources */,
				9E5471772A42A8A300D6F77B /* ColorModel.swift in Sources */,
				9ED63EE82A4693A9009A3320 /* CongratsPage.swift in Sources */,
			);
			runOnlyForDeploymentPostprocessing = 0;
		};
		9EEFD04F2A2F68590093C4A1 /* Sources */ = {
			isa = PBXSourcesBuildPhase;
			buildActionMask = 2147483647;
			files = (
				9EEFD0582A2F68590093C4A1 /* tues6_6_23Tests.swift in Sources */,
			);
			runOnlyForDeploymentPostprocessing = 0;
		};
		9EEFD0592A2F68590093C4A1 /* Sources */ = {
			isa = PBXSourcesBuildPhase;
			buildActionMask = 2147483647;
			files = (
				9EEFD0642A2F68590093C4A1 /* tues6_6_23UITestsLaunchTests.swift in Sources */,
				9EEFD0622A2F68590093C4A1 /* tues6_6_23UITests.swift in Sources */,
			);
			runOnlyForDeploymentPostprocessing = 0;
		};
/* End PBXSourcesBuildPhase section */

/* Begin PBXTargetDependency section */
		9EEFD0552A2F68590093C4A1 /* PBXTargetDependency */ = {
			isa = PBXTargetDependency;
			target = 9EEFD0422A2F68580093C4A1 /* tues6.6.23 */;
			targetProxy = 9EEFD0542A2F68590093C4A1 /* PBXContainerItemProxy */;
		};
		9EEFD05F2A2F68590093C4A1 /* PBXTargetDependency */ = {
			isa = PBXTargetDependency;
			target = 9EEFD0422A2F68580093C4A1 /* tues6.6.23 */;
			targetProxy = 9EEFD05E2A2F68590093C4A1 /* PBXContainerItemProxy */;
		};
/* End PBXTargetDependency section */

/* Begin XCBuildConfiguration section */
		9EEFD0652A2F68590093C4A1 /* Debug */ = {
			isa = XCBuildConfiguration;
			buildSettings = {
				ALWAYS_SEARCH_USER_PATHS = NO;
				CLANG_ANALYZER_NONNULL = YES;
				CLANG_ANALYZER_NUMBER_OBJECT_CONVERSION = YES_AGGRESSIVE;
				CLANG_CXX_LANGUAGE_STANDARD = "gnu++20";
				CLANG_ENABLE_MODULES = YES;
				CLANG_ENABLE_OBJC_ARC = YES;
				CLANG_ENABLE_OBJC_WEAK = YES;
				CLANG_WARN_BLOCK_CAPTURE_AUTORELEASING = YES;
				CLANG_WARN_BOOL_CONVERSION = YES;
				CLANG_WARN_COMMA = YES;
				CLANG_WARN_CONSTANT_CONVERSION = YES;
				CLANG_WARN_DEPRECATED_OBJC_IMPLEMENTATIONS = YES;
				CLANG_WARN_DIRECT_OBJC_ISA_USAGE = YES_ERROR;
				CLANG_WARN_DOCUMENTATION_COMMENTS = YES;
				CLANG_WARN_EMPTY_BODY = YES;
				CLANG_WARN_ENUM_CONVERSION = YES;
				CLANG_WARN_INFINITE_RECURSION = YES;
				CLANG_WARN_INT_CONVERSION = YES;
				CLANG_WARN_NON_LITERAL_NULL_CONVERSION = YES;
				CLANG_WARN_OBJC_IMPLICIT_RETAIN_SELF = YES;
				CLANG_WARN_OBJC_LITERAL_CONVERSION = YES;
				CLANG_WARN_OBJC_ROOT_CLASS = YES_ERROR;
				CLANG_WARN_QUOTED_INCLUDE_IN_FRAMEWORK_HEADER = YES;
				CLANG_WARN_RANGE_LOOP_ANALYSIS = YES;
				CLANG_WARN_STRICT_PROTOTYPES = YES;
				CLANG_WARN_SUSPICIOUS_MOVE = YES;
				CLANG_WARN_UNGUARDED_AVAILABILITY = YES_AGGRESSIVE;
				CLANG_WARN_UNREACHABLE_CODE = YES;
				CLANG_WARN__DUPLICATE_METHOD_MATCH = YES;
				COPY_PHASE_STRIP = NO;
				DEBUG_INFORMATION_FORMAT = dwarf;
				ENABLE_STRICT_OBJC_MSGSEND = YES;
				ENABLE_TESTABILITY = YES;
				GCC_C_LANGUAGE_STANDARD = gnu11;
				GCC_DYNAMIC_NO_PIC = NO;
				GCC_NO_COMMON_BLOCKS = YES;
				GCC_OPTIMIZATION_LEVEL = 0;
				GCC_PREPROCESSOR_DEFINITIONS = (
					"DEBUG=1",
					"$(inherited)",
				);
				GCC_WARN_64_TO_32_BIT_CONVERSION = YES;
				GCC_WARN_ABOUT_RETURN_TYPE = YES_ERROR;
				GCC_WARN_UNDECLARED_SELECTOR = YES;
				GCC_WARN_UNINITIALIZED_AUTOS = YES_AGGRESSIVE;
				GCC_WARN_UNUSED_FUNCTION = YES;
				GCC_WARN_UNUSED_VARIABLE = YES;
				IPHONEOS_DEPLOYMENT_TARGET = 16.4;
				MTL_ENABLE_DEBUG_INFO = INCLUDE_SOURCE;
				MTL_FAST_MATH = YES;
				ONLY_ACTIVE_ARCH = YES;
				SDKROOT = iphoneos;
				SWIFT_ACTIVE_COMPILATION_CONDITIONS = DEBUG;
				SWIFT_OPTIMIZATION_LEVEL = "-Onone";
			};
			name = Debug;
		};
		9EEFD0662A2F68590093C4A1 /* Release */ = {
			isa = XCBuildConfiguration;
			buildSettings = {
				ALWAYS_SEARCH_USER_PATHS = NO;
				CLANG_ANALYZER_NONNULL = YES;
				CLANG_ANALYZER_NUMBER_OBJECT_CONVERSION = YES_AGGRESSIVE;
				CLANG_CXX_LANGUAGE_STANDARD = "gnu++20";
				CLANG_ENABLE_MODULES = YES;
				CLANG_ENABLE_OBJC_ARC = YES;
				CLANG_ENABLE_OBJC_WEAK = YES;
				CLANG_WARN_BLOCK_CAPTURE_AUTORELEASING = YES;
				CLANG_WARN_BOOL_CONVERSION = YES;
				CLANG_WARN_COMMA = YES;
				CLANG_WARN_CONSTANT_CONVERSION = YES;
				CLANG_WARN_DEPRECATED_OBJC_IMPLEMENTATIONS = YES;
				CLANG_WARN_DIRECT_OBJC_ISA_USAGE = YES_ERROR;
				CLANG_WARN_DOCUMENTATION_COMMENTS = YES;
				CLANG_WARN_EMPTY_BODY = YES;
				CLANG_WARN_ENUM_CONVERSION = YES;
				CLANG_WARN_INFINITE_RECURSION = YES;
				CLANG_WARN_INT_CONVERSION = YES;
				CLANG_WARN_NON_LITERAL_NULL_CONVERSION = YES;
				CLANG_WARN_OBJC_IMPLICIT_RETAIN_SELF = YES;
				CLANG_WARN_OBJC_LITERAL_CONVERSION = YES;
				CLANG_WARN_OBJC_ROOT_CLASS = YES_ERROR;
				CLANG_WARN_QUOTED_INCLUDE_IN_FRAMEWORK_HEADER = YES;
				CLANG_WARN_RANGE_LOOP_ANALYSIS = YES;
				CLANG_WARN_STRICT_PROTOTYPES = YES;
				CLANG_WARN_SUSPICIOUS_MOVE = YES;
				CLANG_WARN_UNGUARDED_AVAILABILITY = YES_AGGRESSIVE;
				CLANG_WARN_UNREACHABLE_CODE = YES;
				CLANG_WARN__DUPLICATE_METHOD_MATCH = YES;
				COPY_PHASE_STRIP = NO;
				DEBUG_INFORMATION_FORMAT = "dwarf-with-dsym";
				ENABLE_NS_ASSERTIONS = NO;
				ENABLE_STRICT_OBJC_MSGSEND = YES;
				GCC_C_LANGUAGE_STANDARD = gnu11;
				GCC_NO_COMMON_BLOCKS = YES;
				GCC_WARN_64_TO_32_BIT_CONVERSION = YES;
				GCC_WARN_ABOUT_RETURN_TYPE = YES_ERROR;
				GCC_WARN_UNDECLARED_SELECTOR = YES;
				GCC_WARN_UNINITIALIZED_AUTOS = YES_AGGRESSIVE;
				GCC_WARN_UNUSED_FUNCTION = YES;
				GCC_WARN_UNUSED_VARIABLE = YES;
				IPHONEOS_DEPLOYMENT_TARGET = 16.4;
				MTL_ENABLE_DEBUG_INFO = NO;
				MTL_FAST_MATH = YES;
				SDKROOT = iphoneos;
				SWIFT_COMPILATION_MODE = wholemodule;
				SWIFT_OPTIMIZATION_LEVEL = "-O";
				VALIDATE_PRODUCT = YES;
			};
			name = Release;
		};
		9EEFD0682A2F68590093C4A1 /* Debug */ = {
			isa = XCBuildConfiguration;
			buildSettings = {
				ASSETCATALOG_COMPILER_APPICON_NAME = AppIcon;
				ASSETCATALOG_COMPILER_GLOBAL_ACCENT_COLOR_NAME = AccentColor;
				CODE_SIGN_STYLE = Automatic;
				CURRENT_PROJECT_VERSION = 1;
				DEVELOPMENT_ASSET_PATHS = "\"tues6.6.23/Preview Content\"";
				ENABLE_PREVIEWS = YES;
				GENERATE_INFOPLIST_FILE = YES;
				INFOPLIST_FILE = "tues6-6-23-Info.plist";
				INFOPLIST_KEY_CFBundleDisplayName = "";
				INFOPLIST_KEY_LSApplicationCategoryType = "";
				INFOPLIST_KEY_UIApplicationSceneManifest_Generation = YES;
				INFOPLIST_KEY_UIApplicationSupportsIndirectInputEvents = YES;
				INFOPLIST_KEY_UILaunchScreen_Generation = YES;
				INFOPLIST_KEY_UIRequiresFullScreen = NO;
				INFOPLIST_KEY_UIStatusBarStyle = "";
				INFOPLIST_KEY_UISupportedInterfaceOrientations = UIInterfaceOrientationPortrait;
				INFOPLIST_KEY_UISupportedInterfaceOrientations_iPad = "UIInterfaceOrientationPortrait UIInterfaceOrientationPortraitUpsideDown";
				LD_RUNPATH_SEARCH_PATHS = (
					"$(inherited)",
					"@executable_path/Frameworks",
				);
				MARKETING_VERSION = 1.0;
				PRODUCT_BUNDLE_IDENTIFIER = "sebpuchi.tues6-6-23";
				PRODUCT_NAME = "$(TARGET_NAME)";
				SWIFT_EMIT_LOC_STRINGS = YES;
				SWIFT_VERSION = 5.0;
				TARGETED_DEVICE_FAMILY = "1,2";
			};
			name = Debug;
		};
		9EEFD0692A2F68590093C4A1 /* Release */ = {
			isa = XCBuildConfiguration;
			buildSettings = {
				ASSETCATALOG_COMPILER_APPICON_NAME = AppIcon;
				ASSETCATALOG_COMPILER_GLOBAL_ACCENT_COLOR_NAME = AccentColor;
				CODE_SIGN_STYLE = Automatic;
				CURRENT_PROJECT_VERSION = 1;
				DEVELOPMENT_ASSET_PATHS = "\"tues6.6.23/Preview Content\"";
				ENABLE_PREVIEWS = YES;
				GENERATE_INFOPLIST_FILE = YES;
				INFOPLIST_FILE = "tues6-6-23-Info.plist";
				INFOPLIST_KEY_CFBundleDisplayName = "";
				INFOPLIST_KEY_LSApplicationCategoryType = "";
				INFOPLIST_KEY_UIApplicationSceneManifest_Generation = YES;
				INFOPLIST_KEY_UIApplicationSupportsIndirectInputEvents = YES;
				INFOPLIST_KEY_UILaunchScreen_Generation = YES;
				INFOPLIST_KEY_UIRequiresFullScreen = NO;
				INFOPLIST_KEY_UIStatusBarStyle = "";
				INFOPLIST_KEY_UISupportedInterfaceOrientations = UIInterfaceOrientationPortrait;
				INFOPLIST_KEY_UISupportedInterfaceOrientations_iPad = "UIInterfaceOrientationPortrait UIInterfaceOrientationPortraitUpsideDown";
				LD_RUNPATH_SEARCH_PATHS = (
					"$(inherited)",
					"@executable_path/Frameworks",
				);
				MARKETING_VERSION = 1.0;
				PRODUCT_BUNDLE_IDENTIFIER = "sebpuchi.tues6-6-23";
				PRODUCT_NAME = "$(TARGET_NAME)";
				SWIFT_EMIT_LOC_STRINGS = YES;
				SWIFT_VERSION = 5.0;
				TARGETED_DEVICE_FAMILY = "1,2";
			};
			name = Release;
		};
		9EEFD06B2A2F68590093C4A1 /* Debug */ = {
			isa = XCBuildConfiguration;
			buildSettings = {
				ALWAYS_EMBED_SWIFT_STANDARD_LIBRARIES = YES;
				BUNDLE_LOADER = "$(TEST_HOST)";
				CODE_SIGN_STYLE = Automatic;
				CURRENT_PROJECT_VERSION = 1;
				GENERATE_INFOPLIST_FILE = YES;
				IPHONEOS_DEPLOYMENT_TARGET = 16.4;
				MARKETING_VERSION = 1.0;
				PRODUCT_BUNDLE_IDENTIFIER = "sebpuchi.tues6-6-23Tests";
				PRODUCT_NAME = "$(TARGET_NAME)";
				SWIFT_EMIT_LOC_STRINGS = NO;
				SWIFT_VERSION = 5.0;
				TARGETED_DEVICE_FAMILY = "1,2";
				TEST_HOST = "$(BUILT_PRODUCTS_DIR)/tues6.6.23.app/$(BUNDLE_EXECUTABLE_FOLDER_PATH)/tues6.6.23";
			};
			name = Debug;
		};
		9EEFD06C2A2F68590093C4A1 /* Release */ = {
			isa = XCBuildConfiguration;
			buildSettings = {
				ALWAYS_EMBED_SWIFT_STANDARD_LIBRARIES = YES;
				BUNDLE_LOADER = "$(TEST_HOST)";
				CODE_SIGN_STYLE = Automatic;
				CURRENT_PROJECT_VERSION = 1;
				GENERATE_INFOPLIST_FILE = YES;
				IPHONEOS_DEPLOYMENT_TARGET = 16.4;
				MARKETING_VERSION = 1.0;
				PRODUCT_BUNDLE_IDENTIFIER = "sebpuchi.tues6-6-23Tests";
				PRODUCT_NAME = "$(TARGET_NAME)";
				SWIFT_EMIT_LOC_STRINGS = NO;
				SWIFT_VERSION = 5.0;
				TARGETED_DEVICE_FAMILY = "1,2";
				TEST_HOST = "$(BUILT_PRODUCTS_DIR)/tues6.6.23.app/$(BUNDLE_EXECUTABLE_FOLDER_PATH)/tues6.6.23";
			};
			name = Release;
		};
		9EEFD06E2A2F68590093C4A1 /* Debug */ = {
			isa = XCBuildConfiguration;
			buildSettings = {
				ALWAYS_EMBED_SWIFT_STANDARD_LIBRARIES = YES;
				CODE_SIGN_STYLE = Automatic;
				CURRENT_PROJECT_VERSION = 1;
				GENERATE_INFOPLIST_FILE = YES;
				MARKETING_VERSION = 1.0;
				PRODUCT_BUNDLE_IDENTIFIER = "sebpuchi.tues6-6-23UITests";
				PRODUCT_NAME = "$(TARGET_NAME)";
				SWIFT_EMIT_LOC_STRINGS = NO;
				SWIFT_VERSION = 5.0;
				TARGETED_DEVICE_FAMILY = "1,2";
				TEST_TARGET_NAME = tues6.6.23;
			};
			name = Debug;
		};
		9EEFD06F2A2F68590093C4A1 /* Release */ = {
			isa = XCBuildConfiguration;
			buildSettings = {
				ALWAYS_EMBED_SWIFT_STANDARD_LIBRARIES = YES;
				CODE_SIGN_STYLE = Automatic;
				CURRENT_PROJECT_VERSION = 1;
				GENERATE_INFOPLIST_FILE = YES;
				MARKETING_VERSION = 1.0;
				PRODUCT_BUNDLE_IDENTIFIER = "sebpuchi.tues6-6-23UITests";
				PRODUCT_NAME = "$(TARGET_NAME)";
				SWIFT_EMIT_LOC_STRINGS = NO;
				SWIFT_VERSION = 5.0;
				TARGETED_DEVICE_FAMILY = "1,2";
				TEST_TARGET_NAME = tues6.6.23;
			};
			name = Release;
		};
/* End XCBuildConfiguration section */

/* Begin XCConfigurationList section */
		9EEFD03E2A2F68580093C4A1 /* Build configuration list for PBXProject "tues6.6.23" */ = {
			isa = XCConfigurationList;
			buildConfigurations = (
				9EEFD0652A2F68590093C4A1 /* Debug */,
				9EEFD0662A2F68590093C4A1 /* Release */,
			);
			defaultConfigurationIsVisible = 0;
			defaultConfigurationName = Release;
		};
		9EEFD0672A2F68590093C4A1 /* Build configuration list for PBXNativeTarget "tues6.6.23" */ = {
			isa = XCConfigurationList;
			buildConfigurations = (
				9EEFD0682A2F68590093C4A1 /* Debug */,
				9EEFD0692A2F68590093C4A1 /* Release */,
			);
			defaultConfigurationIsVisible = 0;
			defaultConfigurationName = Release;
		};
		9EEFD06A2A2F68590093C4A1 /* Build configuration list for PBXNativeTarget "tues6.6.23Tests" */ = {
			isa = XCConfigurationList;
			buildConfigurations = (
				9EEFD06B2A2F68590093C4A1 /* Debug */,
				9EEFD06C2A2F68590093C4A1 /* Release */,
			);
			defaultConfigurationIsVisible = 0;
			defaultConfigurationName = Release;
		};
		9EEFD06D2A2F68590093C4A1 /* Build configuration list for PBXNativeTarget "tues6.6.23UITests" */ = {
			isa = XCConfigurationList;
			buildConfigurations = (
				9EEFD06E2A2F68590093C4A1 /* Debug */,
				9EEFD06F2A2F68590093C4A1 /* Release */,
			);
			defaultConfigurationIsVisible = 0;
			defaultConfigurationName = Release;
		};
/* End XCConfigurationList section */

/* Begin XCRemoteSwiftPackageReference section */
		9E6EC8722A60C99F0002D541 /* XCRemoteSwiftPackageReference "Schedule" */ = {
			isa = XCRemoteSwiftPackageReference;
			repositoryURL = "https://github.com/luoxiu/Schedule.git";
			requirement = {
				kind = upToNextMajorVersion;
				minimumVersion = 2.0.0;
			};
		};
/* End XCRemoteSwiftPackageReference section */

/* Begin XCSwiftPackageProductDependency section */
		9E6EC8732A60C99F0002D541 /* Schedule */ = {
			isa = XCSwiftPackageProductDependency;
			package = 9E6EC8722A60C99F0002D541 /* XCRemoteSwiftPackageReference "Schedule" */;
			productName = Schedule;
		};
/* End XCSwiftPackageProductDependency section */
	};
	rootObject = 9EEFD03B2A2F68580093C4A1 /* Project object */;
}
